{
  "name": "dat-homeserver",
  "version": "1.0.0",
  "lockfileVersion": 1,
  "requires": true,
  "dependencies": {
    "reconbot": {
      "version": "1.0.1",
      "resolved": "https://registry.npmjs.org/reconbot/-/reconbot-1.0.1.tgz",
      "integrity": "sha512-nr942cRgEWuNJI7t1aJKUZZFPhCXhzIjFPJEfTwt+u9LtRPaWpjo1zYw2B7dfDCU7KEJD01UJZJZ8RrLXAIimw=="
    }
  }
}
